
Microsoft Visual Studio Solution File, Format Version 12.00
# Visual Studio Version 17
VisualStudioVersion = 17.7.34221.43
MinimumVisualStudioVersion = 10.0.40219.1
Project("{F184B08F-C81C-45F6-A57F-5ABD9991F28F}") = "Ip-Cash-Mod", "Ip-Cash-Mod\Ip-Cash-Mod.vbproj", "{49F65D0C-6A6E-4465-94C4-AE75FD282D26}"
EndProject
Project("{54435603-DBB4-11D2-8724-00A0C9A8B90C}") = "IP-CASH-MODIFIC", "IP-CASH-MODIFIC\IP-CASH-MODIFIC.vdproj", "{2E39BF1E-EC35-4894-9072-1711AEFF9F8A}"
EndProject
Global
	GlobalSection(SolutionConfigurationPlatforms) = preSolution
		Debug|Any CPU = Debug|Any CPU
		Release|Any CPU = Release|Any CPU
	EndGlobalSection
	GlobalSection(ProjectConfigurationPlatforms) = postSolution
		{49F65D0C-6A6E-4465-94C4-AE75FD282D26}.Debug|Any CPU.ActiveCfg = Debug|Any CPU
		{49F65D0C-6A6E-4465-94C4-AE75FD282D26}.Debug|Any CPU.Build.0 = Debug|Any CPU
		{49F65D0C-6A6E-4465-94C4-AE75FD282D26}.Release|Any CPU.ActiveCfg = Release|Any CPU
		{49F65D0C-6A6E-4465-94C4-AE75FD282D26}.Release|Any CPU.Build.0 = Release|Any CPU
		{2E39BF1E-EC35-4894-9072-1711AEFF9F8A}.Debug|Any CPU.ActiveCfg = Debug
		{2E39BF1E-EC35-4894-9072-1711AEFF9F8A}.Release|Any CPU.ActiveCfg = Release
	EndGlobalSection
	GlobalSection(SolutionProperties) = preSolution
		HideSolutionNode = FALSE
	EndGlobalSection
	GlobalSection(ExtensibilityGlobals) = postSolution
		SolutionGuid = {BBB20416-8207-4D09-A7D7-FFE53AE509C6}
	EndGlobalSection
EndGlobal
